
Microsoft Visual Studio Solution File, Format Version 12.00
# Visual Studio Version 17
VisualStudioVersion = 17.2.32630.192
MinimumVisualStudioVersion = 10.0.40219.1
Project("{FAE04EC0-301F-11D3-BF4B-00C04F79EFBC}") = "BuliderDemo", "BuliderDemo\BuliderDemo.csproj", "{58C2EFAE-A6DC-439A-971E-254FF3DD40FA}"
EndProject
Global
	GlobalSection(SolutionConfigurationPlatforms) = preSolution
		Debug|Any CPU = Debug|Any CPU
		Release|Any CPU = Release|Any CPU
	EndGlobalSection
	GlobalSection(ProjectConfigurationPlatforms) = postSolution
		{58C2EFAE-A6DC-439A-971E-254FF3DD40FA}.Debug|Any CPU.ActiveCfg = Debug|Any CPU
		{58C2EFAE-A6DC-439A-971E-254FF3DD40FA}.Debug|Any CPU.Build.0 = Debug|Any CPU
		{58C2EFAE-A6DC-439A-971E-254FF3DD40FA}.Release|Any CPU.ActiveCfg = Release|Any CPU
		{58C2EFAE-A6DC-439A-971E-254FF3DD40FA}.Release|Any CPU.Build.0 = Release|Any CPU
	EndGlobalSection
	GlobalSection(SolutionProperties) = preSolution
		HideSolutionNode = FALSE
	EndGlobalSection
	GlobalSection(ExtensibilityGlobals) = postSolution
		SolutionGuid = {A212DD9D-FAA1-4D82-9130-4A6EB29CC10B}
	EndGlobalSection
EndGlobal
