
Microsoft Visual Studio Solution File, Format Version 12.00
# Visual Studio Version 17
VisualStudioVersion = 17.0.31612.314
MinimumVisualStudioVersion = 10.0.40219.1
Project("{FAE04EC0-301F-11D3-BF4B-00C04F79EFBC}") = "SingleResponsibility", "SingleResponsibility\SingleResponsibility.csproj", "{3F192347-5350-40E3-9D73-20A14C31D6B0}"
EndProject
Project("{FAE04EC0-301F-11D3-BF4B-00C04F79EFBC}") = "OpenClose", "OpenClose\OpenClose.csproj", "{287D8C17-1E4B-4080-8929-191E3EB72F6E}"
EndProject
Project("{FAE04EC0-301F-11D3-BF4B-00C04F79EFBC}") = "LiskovsSubstitution", "LiskovsSubstitution\LiskovsSubstitution.csproj", "{0BC9EF77-51C6-491F-813B-2F8AAB991CF0}"
EndProject
Project("{FAE04EC0-301F-11D3-BF4B-00C04F79EFBC}") = "ISP", "ISP\ISP.csproj", "{61B1E59C-A588-4CD2-82BF-2B6A7EF317D4}"
EndProject
Project("{FAE04EC0-301F-11D3-BF4B-00C04F79EFBC}") = "DIP", "DIP\DIP.csproj", "{6D290384-585D-417D-BC2E-493FCF1BF8EE}"
EndProject
Global
	GlobalSection(SolutionConfigurationPlatforms) = preSolution
		Debug|Any CPU = Debug|Any CPU
		Release|Any CPU = Release|Any CPU
	EndGlobalSection
	GlobalSection(ProjectConfigurationPlatforms) = postSolution
		{3F192347-5350-40E3-9D73-20A14C31D6B0}.Debug|Any CPU.ActiveCfg = Debug|Any CPU
		{3F192347-5350-40E3-9D73-20A14C31D6B0}.Debug|Any CPU.Build.0 = Debug|Any CPU
		{3F192347-5350-40E3-9D73-20A14C31D6B0}.Release|Any CPU.ActiveCfg = Release|Any CPU
		{3F192347-5350-40E3-9D73-20A14C31D6B0}.Release|Any CPU.Build.0 = Release|Any CPU
		{287D8C17-1E4B-4080-8929-191E3EB72F6E}.Debug|Any CPU.ActiveCfg = Debug|Any CPU
		{287D8C17-1E4B-4080-8929-191E3EB72F6E}.Debug|Any CPU.Build.0 = Debug|Any CPU
		{287D8C17-1E4B-4080-8929-191E3EB72F6E}.Release|Any CPU.ActiveCfg = Release|Any CPU
		{287D8C17-1E4B-4080-8929-191E3EB72F6E}.Release|Any CPU.Build.0 = Release|Any CPU
		{0BC9EF77-51C6-491F-813B-2F8AAB991CF0}.Debug|Any CPU.ActiveCfg = Debug|Any CPU
		{0BC9EF77-51C6-491F-813B-2F8AAB991CF0}.Debug|Any CPU.Build.0 = Debug|Any CPU
		{0BC9EF77-51C6-491F-813B-2F8AAB991CF0}.Release|Any CPU.ActiveCfg = Release|Any CPU
		{0BC9EF77-51C6-491F-813B-2F8AAB991CF0}.Release|Any CPU.Build.0 = Release|Any CPU
		{61B1E59C-A588-4CD2-82BF-2B6A7EF317D4}.Debug|Any CPU.ActiveCfg = Debug|Any CPU
		{61B1E59C-A588-4CD2-82BF-2B6A7EF317D4}.Debug|Any CPU.Build.0 = Debug|Any CPU
		{61B1E59C-A588-4CD2-82BF-2B6A7EF317D4}.Release|Any CPU.ActiveCfg = Release|Any CPU
		{61B1E59C-A588-4CD2-82BF-2B6A7EF317D4}.Release|Any CPU.Build.0 = Release|Any CPU
		{6D290384-585D-417D-BC2E-493FCF1BF8EE}.Debug|Any CPU.ActiveCfg = Debug|Any CPU
		{6D290384-585D-417D-BC2E-493FCF1BF8EE}.Debug|Any CPU.Build.0 = Debug|Any CPU
		{6D290384-585D-417D-BC2E-493FCF1BF8EE}.Release|Any CPU.ActiveCfg = Release|Any CPU
		{6D290384-585D-417D-BC2E-493FCF1BF8EE}.Release|Any CPU.Build.0 = Release|Any CPU
	EndGlobalSection
	GlobalSection(SolutionProperties) = preSolution
		HideSolutionNode = FALSE
	EndGlobalSection
	GlobalSection(ExtensibilityGlobals) = postSolution
		SolutionGuid = {58FDEFE8-83F8-4B12-B2F6-EEC9DBA4CF85}
	EndGlobalSection
EndGlobal
