
Microsoft Visual Studio Solution File, Format Version 12.00
# Visual Studio Version 17
VisualStudioVersion = 17.2.32314.265
MinimumVisualStudioVersion = 10.0.40219.1
Project("{FAE04EC0-301F-11D3-BF4B-00C04F79EFBC}") = "BridgeDesign", "BridgeDesign\BridgeDesign.csproj", "{78697D1F-DE6B-47A1-84D2-61A48504B5BF}"
EndProject
Global
	GlobalSection(SolutionConfigurationPlatforms) = preSolution
		Debug|Any CPU = Debug|Any CPU
		Release|Any CPU = Release|Any CPU
	EndGlobalSection
	GlobalSection(ProjectConfigurationPlatforms) = postSolution
		{78697D1F-DE6B-47A1-84D2-61A48504B5BF}.Debug|Any CPU.ActiveCfg = Debug|Any CPU
		{78697D1F-DE6B-47A1-84D2-61A48504B5BF}.Debug|Any CPU.Build.0 = Debug|Any CPU
		{78697D1F-DE6B-47A1-84D2-61A48504B5BF}.Release|Any CPU.ActiveCfg = Release|Any CPU
		{78697D1F-DE6B-47A1-84D2-61A48504B5BF}.Release|Any CPU.Build.0 = Release|Any CPU
	EndGlobalSection
	GlobalSection(SolutionProperties) = preSolution
		HideSolutionNode = FALSE
	EndGlobalSection
	GlobalSection(ExtensibilityGlobals) = postSolution
		SolutionGuid = {F445B34D-1F41-4EF3-BF1C-28846D5F9DE9}
	EndGlobalSection
EndGlobal
